// !$*UTF8*$!
{
	archiveVersion = 1;
	classes = {
	};
	objectVersion = 46;
	objects = {

/* Begin PBXBuildFile section */
		A80893B41D36A0FC00F991D8 /* ViewTamañoController.swift in Sources */ = {isa = PBXBuildFile; fileRef = A80893B31D36A0FC00F991D8 /* ViewTamañoController.swift */; };
		A80893B61D36A11400F991D8 /* ViewQuesoController.swift in Sources */ = {isa = PBXBuildFile; fileRef = A80893B51D36A11400F991D8 /* ViewQuesoController.swift */; };
		A80893BA1D36A13800F991D8 /* ViewIngredientesController.swift in Sources */ = {isa = PBXBuildFile; fileRef = A80893B91D36A13800F991D8 /* ViewIngredientesController.swift */; };
		A80893BC1D36A14900F991D8 /* ViewOrdenController.swift in Sources */ = {isa = PBXBuildFile; fileRef = A80893BB1D36A14900F991D8 /* ViewOrdenController.swift */; };
		A80893BE1D36A25F00F991D8 /* pizza.swift in Sources */ = {isa = PBXBuildFile; fileRef = A80893BD1D36A25F00F991D8 /* pizza.swift */; };
		A80893C21D36A6CA00F991D8 /* ViewMasaController.swift in Sources */ = {isa = PBXBuildFile; fileRef = A80893C11D36A6CA00F991D8 /* ViewMasaController.swift */; };
		A81B89EC1D2D7A7000F90A47 /* AppDelegate.swift in Sources */ = {isa = PBXBuildFile; fileRef = A81B89EB1D2D7A7000F90A47 /* AppDelegate.swift */; };
		A81B89EE1D2D7A7000F90A47 /* ViewController.swift in Sources */ = {isa = PBXBuildFile; fileRef = A81B89ED1D2D7A7000F90A47 /* ViewController.swift */; };
		A81B89F11D2D7A7000F90A47 /* Main.storyboard in Resources */ = {isa = PBXBuildFile; fileRef = A81B89EF1D2D7A7000F90A47 /* Main.storyboard */; };
		A81B89F31D2D7A7000F90A47 /* Assets.xcassets in Resources */ = {isa = PBXBuildFile; fileRef = A81B89F21D2D7A7000F90A47 /* Assets.xcassets */; };
		A81B89F61D2D7A7000F90A47 /* LaunchScreen.storyboard in Resources */ = {isa = PBXBuildFile; fileRef = A81B89F41D2D7A7000F90A47 /* LaunchScreen.storyboard */; };
/* End PBXBuildFile section */

/* Begin PBXFileReference section */
		A80893B31D36A0FC00F991D8 /* ViewTamañoController.swift */ = {isa = PBXFileReference; fileEncoding = 4; lastKnownFileType = sourcecode.swift; name = "ViewTamañoController.swift"; path = "../ViewTamañoController.swift"; sourceTree = "<group>"; };
		A80893B51D36A11400F991D8 /* ViewQuesoController.swift */ = {isa = PBXFileReference; fileEncoding = 4; lastKnownFileType = sourcecode.swift; name = ViewQuesoController.swift; path = ../ViewQuesoController.swift; sourceTree = "<group>"; };
		A80893B91D36A13800F991D8 /* ViewIngredientesController.swift */ = {isa = PBXFileReference; fileEncoding = 4; lastKnownFileType = sourcecode.swift; name = ViewIngredientesController.swift; path = ../ViewIngredientesController.swift; sourceTree = "<group>"; };
		A80893BB1D36A14900F991D8 /* ViewOrdenController.swift */ = {isa = PBXFileReference; fileEncoding = 4; lastKnownFileType = sourcecode.swift; name = ViewOrdenController.swift; path = ../ViewOrdenController.swift; sourceTree = "<group>"; };
		A80893BD1D36A25F00F991D8 /* pizza.swift */ = {isa = PBXFileReference; fileEncoding = 4; lastKnownFileType = sourcecode.swift; path = pizza.swift; sourceTree = SOURCE_ROOT; };
		A80893C11D36A6CA00F991D8 /* ViewMasaController.swift */ = {isa = PBXFileReference; fileEncoding = 4; lastKnownFileType = sourcecode.swift; name = ViewMasaController.swift; path = ../ViewMasaController.swift; sourceTree = "<group>"; };
		A81B89E81D2D7A7000F90A47 /* pizza.app */ = {isa = PBXFileReference; explicitFileType = wrapper.application; includeInIndex = 0; path = pizza.app; sourceTree = BUILT_PRODUCTS_DIR; };
		A81B89EB1D2D7A7000F90A47 /* AppDelegate.swift */ = {isa = PBXFileReference; lastKnownFileType = sourcecode.swift; path = AppDelegate.swift; sourceTree = "<group>"; };
		A81B89ED1D2D7A7000F90A47 /* ViewController.swift */ = {isa = PBXFileReference; lastKnownFileType = sourcecode.swift; path = ViewController.swift; sourceTree = "<group>"; };
		A81B89F01D2D7A7000F90A47 /* Base */ = {isa = PBXFileReference; lastKnownFileType = file.storyboard; name = Base; path = Base.lproj/Main.storyboard; sourceTree = "<group>"; };
		A81B89F21D2D7A7000F90A47 /* Assets.xcassets */ = {isa = PBXFileReference; lastKnownFileType = folder.assetcatalog; path = Assets.xcassets; sourceTree = "<group>"; };
		A81B89F51D2D7A7000F90A47 /* Base */ = {isa = PBXFileReference; lastKnownFileType = file.storyboard; name = Base; path = Base.lproj/LaunchScreen.storyboard; sourceTree = "<group>"; };
		A81B89F71D2D7A7000F90A47 /* Info.plist */ = {isa = PBXFileReference; lastKnownFileType = text.plist.xml; path = Info.plist; sourceTree = "<group>"; };
/* End PBXFileReference section */

/* Begin PBXFrameworksBuildPhase section */
		A81B89E51D2D7A7000F90A47 /* Frameworks */ = {
			isa = PBXFrameworksBuildPhase;
			buildActionMask = 2147483647;
			files = (
			);
			runOnlyForDeploymentPostprocessing = 0;
		};
/* End PBXFrameworksBuildPhase section */

/* Begin PBXGroup section */
		A81B89DF1D2D7A7000F90A47 = {
			isa = PBXGroup;
			children = (
				A81B89EA1D2D7A7000F90A47 /* pizza */,
				A81B89E91D2D7A7000F90A47 /* Products */,
			);
			sourceTree = "<group>";
		};
		A81B89E91D2D7A7000F90A47 /* Products */ = {
			isa = PBXGroup;
			children = (
				A81B89E81D2D7A7000F90A47 /* pizza.app */,
			);
			name = Products;
			sourceTree = "<group>";
		};
		A81B89EA1D2D7A7000F90A47 /* pizza */ = {
			isa = PBXGroup;
			children = (
				A80893C11D36A6CA00F991D8 /* ViewMasaController.swift */,
				A80893BD1D36A25F00F991D8 /* pizza.swift */,
				A80893BB1D36A14900F991D8 /* ViewOrdenController.swift */,
				A80893B91D36A13800F991D8 /* ViewIngredientesController.swift */,
				A80893B51D36A11400F991D8 /* ViewQuesoController.swift */,
				A80893B31D36A0FC00F991D8 /* ViewTamañoController.swift */,
				A81B89EB1D2D7A7000F90A47 /* AppDelegate.swift */,
				A81B89ED1D2D7A7000F90A47 /* ViewController.swift */,
				A81B89EF1D2D7A7000F90A47 /* Main.storyboard */,
				A81B89F21D2D7A7000F90A47 /* Assets.xcassets */,
				A81B89F41D2D7A7000F90A47 /* LaunchScreen.storyboard */,
				A81B89F71D2D7A7000F90A47 /* Info.plist */,
			);
			path = pizza;
			sourceTree = "<group>";
		};
/* End PBXGroup section */

/* Begin PBXNativeTarget section */
		A81B89E71D2D7A7000F90A47 /* pizza */ = {
			isa = PBXNativeTarget;
			buildConfigurationList = A81B89FA1D2D7A7000F90A47 /* Build configuration list for PBXNativeTarget "pizza" */;
			buildPhases = (
				A81B89E41D2D7A7000F90A47 /* Sources */,
				A81B89E51D2D7A7000F90A47 /* Frameworks */,
				A81B89E61D2D7A7000F90A47 /* Resources */,
			);
			buildRules = (
			);
			dependencies = (
			);
			name = pizza;
			productName = pizza;
			productReference = A81B89E81D2D7A7000F90A47 /* pizza.app */;
			productType = "com.apple.product-type.application";
		};
/* End PBXNativeTarget section */

/* Begin PBXProject section */
		A81B89E01D2D7A7000F90A47 /* Project object */ = {
			isa = PBXProject;
			attributes = {
				LastSwiftUpdateCheck = 0730;
				LastUpgradeCheck = 0730;
				ORGANIZATIONNAME = "vidal romero ";
				TargetAttributes = {
					A81B89E71D2D7A7000F90A47 = {
						CreatedOnToolsVersion = 7.3.1;
					};
				};
			};
			buildConfigurationList = A81B89E31D2D7A7000F90A47 /* Build configuration list for PBXProject "pizza" */;
			compatibilityVersion = "Xcode 3.2";
			developmentRegion = English;
			hasScannedForEncodings = 0;
			knownRegions = (
				en,
				Base,
			);
			mainGroup = A81B89DF1D2D7A7000F90A47;
			productRefGroup = A81B89E91D2D7A7000F90A47 /* Products */;
			projectDirPath = "";
			projectRoot = "";
			targets = (
				A81B89E71D2D7A7000F90A47 /* pizza */,
			);
		};
/* End PBXProject section */

/* Begin PBXResourcesBuildPhase section */
		A81B89E61D2D7A7000F90A47 /* Resources */ = {
			isa = PBXResourcesBuildPhase;
			buildActionMask = 2147483647;
			files = (
				A81B89F61D2D7A7000F90A47 /* LaunchScreen.storyboard in Resources */,
				A81B89F31D2D7A7000F90A47 /* Assets.xcassets in Resources */,
				A81B89F11D2D7A7000F90A47 /* Main.storyboard in Resources */,
			);
			runOnlyForDeploymentPostprocessing = 0;
		};
/* End PBXResourcesBuildPhase section */

/* Begin PBXSourcesBuildPhase section */
		A81B89E41D2D7A7000F90A47 /* Sources */ = {
			isa = PBXSourcesBuildPhase;
			buildActionMask = 2147483647;
			files = (
				A80893BC1D36A14900F991D8 /* ViewOrdenController.swift in Sources */,
				A80893B61D36A11400F991D8 /* ViewQuesoController.swift in Sources */,
				A81B89EE1D2D7A7000F90A47 /* ViewController.swift in Sources */,
				A80893BA1D36A13800F991D8 /* ViewIngredientesController.swift in Sources */,
				A80893C21D36A6CA00F991D8 /* ViewMasaController.swift in Sources */,
				A80893BE1D36A25F00F991D8 /* pizza.swift in Sources */,
				A80893B41D36A0FC00F991D8 /* ViewTamañoController.swift in Sources */,
				A81B89EC1D2D7A7000F90A47 /* AppDelegate.swift in Sources */,
			);
			runOnlyForDeploymentPostprocessing = 0;
		};
/* End PBXSourcesBuildPhase section */

/* Begin PBXVariantGroup section */
		A81B89EF1D2D7A7000F90A47 /* Main.storyboard */ = {
			isa = PBXVariantGroup;
			children = (
				A81B89F01D2D7A7000F90A47 /* Base */,
			);
			name = Main.storyboard;
			sourceTree = "<group>";
		};
		A81B89F41D2D7A7000F90A47 /* LaunchScreen.storyboard */ = {
			isa = PBXVariantGroup;
			children = (
				A81B89F51D2D7A7000F90A47 /* Base */,
			);
			name = LaunchScreen.storyboard;
			sourceTree = "<group>";
		};
/* End PBXVariantGroup section */

/* Begin XCBuildConfiguration section */
		A81B89F81D2D7A7000F90A47 /* Debug */ = {
			isa = XCBuildConfiguration;
			buildSettings = {
				ALWAYS_SEARCH_USER_PATHS = NO;
				CLANG_ANALYZER_NONNULL = YES;
				CLANG_CXX_LANGUAGE_STANDARD = "gnu++0x";
				CLANG_CXX_LIBRARY = "libc++";
				CLANG_ENABLE_MODULES = YES;
				CLANG_ENABLE_OBJC_ARC = YES;
				CLANG_WARN_BOOL_CONVERSION = YES;
				CLANG_WARN_CONSTANT_CONVERSION = YES;
				CLANG_WARN_DIRECT_OBJC_ISA_USAGE = YES_ERROR;
				CLANG_WARN_EMPTY_BODY = YES;
				CLANG_WARN_ENUM_CONVERSION = YES;
				CLANG_WARN_INT_CONVERSION = YES;
				CLANG_WARN_OBJC_ROOT_CLASS = YES_ERROR;
				CLANG_WARN_UNREACHABLE_CODE = YES;
				CLANG_WARN__DUPLICATE_METHOD_MATCH = YES;
				"CODE_SIGN_IDENTITY[sdk=iphoneos*]" = "iPhone Developer";
				COPY_PHASE_STRIP = NO;
				DEBUG_INFORMATION_FORMAT = dwarf;
				ENABLE_STRICT_OBJC_MSGSEND = YES;
				ENABLE_TESTABILITY = YES;
				GCC_C_LANGUAGE_STANDARD = gnu99;
				GCC_DYNAMIC_NO_PIC = NO;
				GCC_NO_COMMON_BLOCKS = YES;
				GCC_OPTIMIZATION_LEVEL = 0;
				GCC_PREPROCESSOR_DEFINITIONS = (
					"DEBUG=1",
					"$(inherited)",
				);
				GCC_WARN_64_TO_32_BIT_CONVERSION = YES;
				GCC_WARN_ABOUT_RETURN_TYPE = YES_ERROR;
				GCC_WARN_UNDECLARED_SELECTOR = YES;
				GCC_WARN_UNINITIALIZED_AUTOS = YES_AGGRESSIVE;
				GCC_WARN_UNUSED_FUNCTION = YES;
				GCC_WARN_UNUSED_VARIABLE = YES;
				IPHONEOS_DEPLOYMENT_TARGET = 9.3;
				MTL_ENABLE_DEBUG_INFO = YES;
				ONLY_ACTIVE_ARCH = YES;
				SDKROOT = iphoneos;
				SWIFT_OPTIMIZATION_LEVEL = "-Onone";
				TARGETED_DEVICE_FAMILY = "1,2";
			};
			name = Debug;
		};
		A81B89F91D2D7A7000F90A47 /* Release */ = {
			isa = XCBuildConfiguration;
			buildSettings = {
				ALWAYS_SEARCH_USER_PATHS = NO;
				CLANG_ANALYZER_NONNULL = YES;
				CLANG_CXX_LANGUAGE_STANDARD = "gnu++0x";
				CLANG_CXX_LIBRARY = "libc++";
				CLANG_ENABLE_MODULES = YES;
				CLANG_ENABLE_OBJC_ARC = YES;
				CLANG_WARN_BOOL_CONVERSION = YES;
				CLANG_WARN_CONSTANT_CONVERSION = YES;
				CLANG_WARN_DIRECT_OBJC_ISA_USAGE = YES_ERROR;
				CLANG_WARN_EMPTY_BODY = YES;
				CLANG_WARN_ENUM_CONVERSION = YES;
				CLANG_WARN_INT_CONVERSION = YES;
				CLANG_WARN_OBJC_ROOT_CLASS = YES_ERROR;
				CLANG_WARN_UNREACHABLE_CODE = YES;
				CLANG_WARN__DUPLICATE_METHOD_MATCH = YES;
				"CODE_SIGN_IDENTITY[sdk=iphoneos*]" = "iPhone Developer";
				COPY_PHASE_STRIP = NO;
				DEBUG_INFORMATION_FORMAT = "dwarf-with-dsym";
				ENABLE_NS_ASSERTIONS = NO;
				ENABLE_STRICT_OBJC_MSGSEND = YES;
				GCC_C_LANGUAGE_STANDARD = gnu99;
				GCC_NO_COMMON_BLOCKS = YES;
				GCC_WARN_64_TO_32_BIT_CONVERSION = YES;
				GCC_WARN_ABOUT_RETURN_TYPE = YES_ERROR;
				GCC_WARN_UNDECLARED_SELECTOR = YES;
				GCC_WARN_UNINITIALIZED_AUTOS = YES_AGGRESSIVE;
				GCC_WARN_UNUSED_FUNCTION = YES;
				GCC_WARN_UNUSED_VARIABLE = YES;
				IPHONEOS_DEPLOYMENT_TARGET = 9.3;
				MTL_ENABLE_DEBUG_INFO = NO;
				SDKROOT = iphoneos;
				TARGETED_DEVICE_FAMILY = "1,2";
				VALIDATE_PRODUCT = YES;
			};
			name = Release;
		};
		A81B89FB1D2D7A7000F90A47 /* Debug */ = {
			isa = XCBuildConfiguration;
			buildSettings = {
				ASSETCATALOG_COMPILER_APPICON_NAME = AppIcon;
				INFOPLIST_FILE = pizza/Info.plist;
				LD_RUNPATH_SEARCH_PATHS = "$(inherited) @executable_path/Frameworks";
				PRODUCT_BUNDLE_IDENTIFIER = Dm.pizza;
				PRODUCT_NAME = "$(TARGET_NAME)";
			};
			name = Debug;
		};
		A81B89FC1D2D7A7000F90A47 /* Release */ = {
			isa = XCBuildConfiguration;
			buildSettings = {
				ASSETCATALOG_COMPILER_APPICON_NAME = AppIcon;
				INFOPLIST_FILE = pizza/Info.plist;
				LD_RUNPATH_SEARCH_PATHS = "$(inherited) @executable_path/Frameworks";
				PRODUCT_BUNDLE_IDENTIFIER = Dm.pizza;
				PRODUCT_NAME = "$(TARGET_NAME)";
			};
			name = Release;
		};
/* End XCBuildConfiguration section */

/* Begin XCConfigurationList section */
		A81B89E31D2D7A7000F90A47 /* Build configuration list for PBXProject "pizza" */ = {
			isa = XCConfigurationList;
			buildConfigurations = (
				A81B89F81D2D7A7000F90A47 /* Debug */,
				A81B89F91D2D7A7000F90A47 /* Release */,
			);
			defaultConfigurationIsVisible = 0;
			defaultConfigurationName = Release;
		};
		A81B89FA1D2D7A7000F90A47 /* Build configuration list for PBXNativeTarget "pizza" */ = {
			isa = XCConfigurationList;
			buildConfigurations = (
				A81B89FB1D2D7A7000F90A47 /* Debug */,
				A81B89FC1D2D7A7000F90A47 /* Release */,
			);
			defaultConfigurationIsVisible = 0;
			defaultConfigurationName = Release;
		};
/* End XCConfigurationList section */
	};
	rootObject = A81B89E01D2D7A7000F90A47 /* Project object */;
}
